
Microsoft Visual Studio Solution File, Format Version 12.00
# Visual Studio 14
VisualStudioVersion = 14.0.25420.1
MinimumVisualStudioVersion = 10.0.40219.1
Project("{888888A0-9F3D-457C-B088-3A5042F75D52}") = "UdemyMLAZ", "UdemyMLAZ\UdemyMLAZ.pyproj", "{7BB514C6-E9F3-47B6-91A2-4D3532E67D95}"
EndProject
Project("{DA7A21FA-8162-4350-AD77-A8D1B671F3ED}") = "UdemyMLAZ_R", "UdemyMLAZ_R\UdemyMLAZ_R.rxproj", "{BF5D172F-CF93-4F5A-95C4-6D78BB2740F9}"
EndProject
Project("{2150E333-8FDC-42A3-9474-1A3956D46DE8}") = "Simple_Linear_Regression", "Simple_Linear_Regression", "{54038084-E802-4230-B73A-9073563BCE2B}"
	ProjectSection(SolutionItems) = preProject
		Simple_Linear_Regression\data_preprocessing_template.py = Simple_Linear_Regression\data_preprocessing_template.py
		Simple_Linear_Regression\data_preprocessing_template.R = Simple_Linear_Regression\data_preprocessing_template.R
		Simple_Linear_Regression\Salary_Data.csv = Simple_Linear_Regression\Salary_Data.csv
		Simple_Linear_Regression\simple_linear_regression.py = Simple_Linear_Regression\simple_linear_regression.py
		Simple_Linear_Regression\simple_linear_regression.R = Simple_Linear_Regression\simple_linear_regression.R
	EndProjectSection
EndProject
Global
	GlobalSection(SolutionConfigurationPlatforms) = preSolution
		Debug|Any CPU = Debug|Any CPU
		Release|Any CPU = Release|Any CPU
	EndGlobalSection
	GlobalSection(ProjectConfigurationPlatforms) = postSolution
		{7BB514C6-E9F3-47B6-91A2-4D3532E67D95}.Debug|Any CPU.ActiveCfg = Debug|Any CPU
		{7BB514C6-E9F3-47B6-91A2-4D3532E67D95}.Release|Any CPU.ActiveCfg = Release|Any CPU
		{BF5D172F-CF93-4F5A-95C4-6D78BB2740F9}.Debug|Any CPU.ActiveCfg = Debug|Any CPU
		{BF5D172F-CF93-4F5A-95C4-6D78BB2740F9}.Debug|Any CPU.Build.0 = Debug|Any CPU
		{BF5D172F-CF93-4F5A-95C4-6D78BB2740F9}.Release|Any CPU.ActiveCfg = Release|Any CPU
		{BF5D172F-CF93-4F5A-95C4-6D78BB2740F9}.Release|Any CPU.Build.0 = Release|Any CPU
	EndGlobalSection
	GlobalSection(SolutionProperties) = preSolution
		HideSolutionNode = FALSE
	EndGlobalSection
EndGlobal
