
Microsoft Visual Studio Solution File, Format Version 12.00
# Visual Studio 14
VisualStudioVersion = 14.0.25420.1
MinimumVisualStudioVersion = 10.0.40219.1
Project("{888888A0-9F3D-457C-B088-3A5042F75D52}") = "UdemyMLAZ", "UdemyMLAZ\UdemyMLAZ.pyproj", "{7BB514C6-E9F3-47B6-91A2-4D3532E67D95}"
EndProject
Project("{DA7A21FA-8162-4350-AD77-A8D1B671F3ED}") = "UdemyMLAZ_R", "UdemyMLAZ_R\UdemyMLAZ_R.rxproj", "{BF5D172F-CF93-4F5A-95C4-6D78BB2740F9}"
EndProject
Project("{2150E333-8FDC-42A3-9474-1A3956D46DE8}") = "Simple_Linear_Regression", "Simple_Linear_Regression", "{54038084-E802-4230-B73A-9073563BCE2B}"
	ProjectSection(SolutionItems) = preProject
		Simple_Linear_Regression\data_preprocessing_template.py = Simple_Linear_Regression\data_preprocessing_template.py
		Simple_Linear_Regression\data_preprocessing_template.R = Simple_Linear_Regression\data_preprocessing_template.R
		Simple_Linear_Regression\Salary_Data.csv = Simple_Linear_Regression\Salary_Data.csv
		Simple_Linear_Regression\simple_linear_regression.py = Simple_Linear_Regression\simple_linear_regression.py
		Simple_Linear_Regression\simple_linear_regression.R = Simple_Linear_Regression\simple_linear_regression.R
	EndProjectSection
EndProject
Project("{2150E333-8FDC-42A3-9474-1A3956D46DE8}") = "Multiple_Linear_Regression", "Multiple_Linear_Regression", "{B0C5D3C6-6721-4980-BE4F-F9663FD37019}"
	ProjectSection(SolutionItems) = preProject
		Multiple_Linear_Regression\50_Startups.csv = Multiple_Linear_Regression\50_Startups.csv
		Multiple_Linear_Regression\data_preprocessing_template.py = Multiple_Linear_Regression\data_preprocessing_template.py
		Multiple_Linear_Regression\data_preprocessing_template.R = Multiple_Linear_Regression\data_preprocessing_template.R
		Multiple_Linear_Regression\multiple_linear_regression.py = Multiple_Linear_Regression\multiple_linear_regression.py
		Multiple_Linear_Regression\multiple_linear_regression.R = Multiple_Linear_Regression\multiple_linear_regression.R
	EndProjectSection
EndProject
Project("{2150E333-8FDC-42A3-9474-1A3956D46DE8}") = "Polynomial_Regression", "Polynomial_Regression", "{3EB66AC3-0662-4632-B690-CA147A5A0478}"
	ProjectSection(SolutionItems) = preProject
		Polynomial_Regression\data_preprocessing_template.py = Polynomial_Regression\data_preprocessing_template.py
		Polynomial_Regression\data_preprocessing_template.R = Polynomial_Regression\data_preprocessing_template.R
		Polynomial_Regression\polynomial_regression.py = Polynomial_Regression\polynomial_regression.py
		Polynomial_Regression\polynomial_regression.R = Polynomial_Regression\polynomial_regression.R
		Polynomial_Regression\Position_Salaries.csv = Polynomial_Regression\Position_Salaries.csv
		Polynomial_Regression\regression_template.py = Polynomial_Regression\regression_template.py
		Polynomial_Regression\regression_template.R = Polynomial_Regression\regression_template.R
	EndProjectSection
EndProject
Project("{2150E333-8FDC-42A3-9474-1A3956D46DE8}") = "SupportVector_Regression", "SupportVector_Regression", "{0293FBE6-7FD3-4BE4-A38E-08122E51BCA3}"
	ProjectSection(SolutionItems) = preProject
		SupportVector_Regression\Position_Salaries.csv = SupportVector_Regression\Position_Salaries.csv
		SupportVector_Regression\regression_template.py = SupportVector_Regression\regression_template.py
		SupportVector_Regression\regression_template.R = SupportVector_Regression\regression_template.R
		SupportVector_Regression\svr.py = SupportVector_Regression\svr.py
		SupportVector_Regression\svr.R = SupportVector_Regression\svr.R
	EndProjectSection
EndProject
Project("{2150E333-8FDC-42A3-9474-1A3956D46DE8}") = "DecisionTree_Regression", "DecisionTree_Regression", "{9240CA84-8682-4AF8-A228-5CDC1AFDEA27}"
	ProjectSection(SolutionItems) = preProject
		DecisionTree_Regression\decision_tree_regression.py = DecisionTree_Regression\decision_tree_regression.py
		DecisionTree_Regression\decision_tree_regression.R = DecisionTree_Regression\decision_tree_regression.R
		DecisionTree_Regression\Position_Salaries.csv = DecisionTree_Regression\Position_Salaries.csv
		DecisionTree_Regression\regression_template.py = DecisionTree_Regression\regression_template.py
		DecisionTree_Regression\regression_template.R = DecisionTree_Regression\regression_template.R
	EndProjectSection
EndProject
Project("{2150E333-8FDC-42A3-9474-1A3956D46DE8}") = "RandomForest_Regression", "RandomForest_Regression", "{61AFE4B1-27EE-4975-8849-1A9CB74BC195}"
	ProjectSection(SolutionItems) = preProject
		RandomForest_Regression\Position_Salaries.csv = RandomForest_Regression\Position_Salaries.csv
		RandomForest_Regression\random_forest_regression.py = RandomForest_Regression\random_forest_regression.py
		RandomForest_Regression\random_forest_regression.R = RandomForest_Regression\random_forest_regression.R
		RandomForest_Regression\regression_template.py = RandomForest_Regression\regression_template.py
		RandomForest_Regression\regression_template.R = RandomForest_Regression\regression_template.R
	EndProjectSection
EndProject
Project("{2150E333-8FDC-42A3-9474-1A3956D46DE8}") = "LogisticRegression", "LogisticRegression", "{17762724-6FC3-4A71-B8C8-6F104C6C5AFC}"
	ProjectSection(SolutionItems) = preProject
		LogisticRegression\classification_template.py = LogisticRegression\classification_template.py
		LogisticRegression\classification_template.R = LogisticRegression\classification_template.R
		LogisticRegression\logistic_regression.py = LogisticRegression\logistic_regression.py
		LogisticRegression\logistic_regression.R = LogisticRegression\logistic_regression.R
		LogisticRegression\Social_Network_Ads.csv = LogisticRegression\Social_Network_Ads.csv
	EndProjectSection
EndProject
Project("{2150E333-8FDC-42A3-9474-1A3956D46DE8}") = "KNN_Classification", "KNN_Classification", "{76A1B7D7-D4CC-4264-A1C3-75F849DA2C1D}"
	ProjectSection(SolutionItems) = preProject
		KNN_Classification\classification_template.py = KNN_Classification\classification_template.py
		KNN_Classification\classification_template.R = KNN_Classification\classification_template.R
		KNN_Classification\knn.py = KNN_Classification\knn.py
		KNN_Classification\knn.R = KNN_Classification\knn.R
		KNN_Classification\Social_Network_Ads.csv = KNN_Classification\Social_Network_Ads.csv
	EndProjectSection
EndProject
Project("{2150E333-8FDC-42A3-9474-1A3956D46DE8}") = "SVM_Classification", "SVM_Classification", "{860D59C9-42D9-40B6-B2F7-E4D1B5909741}"
	ProjectSection(SolutionItems) = preProject
		SVM_Classification\classification_template.py = SVM_Classification\classification_template.py
		SVM_Classification\classification_template.R = SVM_Classification\classification_template.R
		SVM_Classification\Social_Network_Ads.csv = SVM_Classification\Social_Network_Ads.csv
		SVM_Classification\svm.py = SVM_Classification\svm.py
		SVM_Classification\svm.R = SVM_Classification\svm.R
	EndProjectSection
EndProject
Project("{2150E333-8FDC-42A3-9474-1A3956D46DE8}") = "SVM_Kernel_Classification", "SVM_Kernel_Classification", "{BF5243F2-45E9-4394-BB22-F54B96F4C022}"
	ProjectSection(SolutionItems) = preProject
		SVM_Kernel_Classification\classification_template.py = SVM_Kernel_Classification\classification_template.py
		SVM_Kernel_Classification\classification_template.R = SVM_Kernel_Classification\classification_template.R
		SVM_Kernel_Classification\kernel_svm.py = SVM_Kernel_Classification\kernel_svm.py
		SVM_Kernel_Classification\kernel_svm.R = SVM_Kernel_Classification\kernel_svm.R
		SVM_Kernel_Classification\Social_Network_Ads.csv = SVM_Kernel_Classification\Social_Network_Ads.csv
	EndProjectSection
EndProject
Project("{2150E333-8FDC-42A3-9474-1A3956D46DE8}") = "NaiveBayes_Classification", "NaiveBayes_Classification", "{F1E8FBAB-B2B0-43D6-92D0-E7C6BBDDEBBB}"
	ProjectSection(SolutionItems) = preProject
		NaiveBayes_Classification\classification_template.py = NaiveBayes_Classification\classification_template.py
		NaiveBayes_Classification\classification_template.R = NaiveBayes_Classification\classification_template.R
		NaiveBayes_Classification\naive_bayes.py = NaiveBayes_Classification\naive_bayes.py
		NaiveBayes_Classification\naive_bayes.R = NaiveBayes_Classification\naive_bayes.R
		NaiveBayes_Classification\Social_Network_Ads.csv = NaiveBayes_Classification\Social_Network_Ads.csv
	EndProjectSection
EndProject
Project("{2150E333-8FDC-42A3-9474-1A3956D46DE8}") = "DecisionTree_Classification", "DecisionTree_Classification", "{818AF98C-E361-4139-894C-E388CB0ACF91}"
	ProjectSection(SolutionItems) = preProject
		DecisionTree_Classification\classification_template.py = DecisionTree_Classification\classification_template.py
		DecisionTree_Classification\classification_template.R = DecisionTree_Classification\classification_template.R
		DecisionTree_Classification\decision_tree_classification.py = DecisionTree_Classification\decision_tree_classification.py
		DecisionTree_Classification\decision_tree_classification.R = DecisionTree_Classification\decision_tree_classification.R
		DecisionTree_Classification\Social_Network_Ads.csv = DecisionTree_Classification\Social_Network_Ads.csv
	EndProjectSection
EndProject
Project("{2150E333-8FDC-42A3-9474-1A3956D46DE8}") = "RandomForest_Classification", "RandomForest_Classification", "{8A6EE176-33CF-4A55-9306-831B86CCEE08}"
	ProjectSection(SolutionItems) = preProject
		RandomForest_Classification\classification_template.py = RandomForest_Classification\classification_template.py
		RandomForest_Classification\classification_template.R = RandomForest_Classification\classification_template.R
		RandomForest_Classification\random_forest_classification.py = RandomForest_Classification\random_forest_classification.py
		RandomForest_Classification\random_forest_classification.R = RandomForest_Classification\random_forest_classification.R
		RandomForest_Classification\Social_Network_Ads.csv = RandomForest_Classification\Social_Network_Ads.csv
	EndProjectSection
EndProject
Project("{2150E333-8FDC-42A3-9474-1A3956D46DE8}") = "KMeans_Clustering", "KMeans_Clustering", "{74006FA0-5CD6-40D3-9AA4-B7348A824A48}"
	ProjectSection(SolutionItems) = preProject
		KMeans_Clustering\data_preprocessing_template.py = KMeans_Clustering\data_preprocessing_template.py
		KMeans_Clustering\data_preprocessing_template.R = KMeans_Clustering\data_preprocessing_template.R
		KMeans_Clustering\kmeans.py = KMeans_Clustering\kmeans.py
		KMeans_Clustering\kmeans.R = KMeans_Clustering\kmeans.R
		KMeans_Clustering\Mall_Customers.csv = KMeans_Clustering\Mall_Customers.csv
	EndProjectSection
EndProject
Project("{2150E333-8FDC-42A3-9474-1A3956D46DE8}") = "Hierarchical_Clustering", "Hierarchical_Clustering", "{161B80EE-11F2-47B1-9D1D-AD75C4AA41B8}"
	ProjectSection(SolutionItems) = preProject
		Hierarchical_Clustering\data_preprocessing_template.py = Hierarchical_Clustering\data_preprocessing_template.py
		Hierarchical_Clustering\data_preprocessing_template.R = Hierarchical_Clustering\data_preprocessing_template.R
		Hierarchical_Clustering\hc.py = Hierarchical_Clustering\hc.py
		Hierarchical_Clustering\hc.R = Hierarchical_Clustering\hc.R
		Hierarchical_Clustering\Mall_Customers.csv = Hierarchical_Clustering\Mall_Customers.csv
	EndProjectSection
EndProject
Project("{2150E333-8FDC-42A3-9474-1A3956D46DE8}") = "AssociationRulesLearning_Apriori", "AssociationRulesLearning_Apriori", "{667C6268-FEB3-47BA-AEB1-AAC377BD11D5}"
	ProjectSection(SolutionItems) = preProject
		AssociationRulesLearning_Apriori\apriori.py = AssociationRulesLearning_Apriori\apriori.py
		AssociationRulesLearning_Apriori\apriori.R = AssociationRulesLearning_Apriori\apriori.R
		AssociationRulesLearning_Apriori\apyori.py = AssociationRulesLearning_Apriori\apyori.py
		AssociationRulesLearning_Apriori\Market_Basket_Optimisation.csv = AssociationRulesLearning_Apriori\Market_Basket_Optimisation.csv
	EndProjectSection
EndProject
Project("{2150E333-8FDC-42A3-9474-1A3956D46DE8}") = "AssociationRulesLearning_Eclat", "AssociationRulesLearning_Eclat", "{D56F178D-A18F-49BF-8FF2-25B174DC1A93}"
	ProjectSection(SolutionItems) = preProject
		AssociationRulesLearning_Eclat\eclat.R = AssociationRulesLearning_Eclat\eclat.R
		AssociationRulesLearning_Eclat\Market_Basket_Optimisation.csv = AssociationRulesLearning_Eclat\Market_Basket_Optimisation.csv
	EndProjectSection
EndProject
Project("{2150E333-8FDC-42A3-9474-1A3956D46DE8}") = "ReinforcementLearning_UpperConfidenceBound", "ReinforcementLearning_UpperConfidenceBound", "{7C275D75-DAE9-44B9-9D14-DCFE740744B7}"
	ProjectSection(SolutionItems) = preProject
		ReinforcementLearning_UpperConfidenceBound\Ads_CTR_Optimisation.csv = ReinforcementLearning_UpperConfidenceBound\Ads_CTR_Optimisation.csv
		ReinforcementLearning_UpperConfidenceBound\random_selection.py = ReinforcementLearning_UpperConfidenceBound\random_selection.py
		ReinforcementLearning_UpperConfidenceBound\random_selection.R = ReinforcementLearning_UpperConfidenceBound\random_selection.R
		ReinforcementLearning_UpperConfidenceBound\UCB_Algorithm_Slide.png = ReinforcementLearning_UpperConfidenceBound\UCB_Algorithm_Slide.png
		ReinforcementLearning_UpperConfidenceBound\upper_confidence_bound.py = ReinforcementLearning_UpperConfidenceBound\upper_confidence_bound.py
		ReinforcementLearning_UpperConfidenceBound\upper_confidence_bound.R = ReinforcementLearning_UpperConfidenceBound\upper_confidence_bound.R
	EndProjectSection
EndProject
Global
	GlobalSection(SolutionConfigurationPlatforms) = preSolution
		Debug|Any CPU = Debug|Any CPU
		Release|Any CPU = Release|Any CPU
	EndGlobalSection
	GlobalSection(ProjectConfigurationPlatforms) = postSolution
		{7BB514C6-E9F3-47B6-91A2-4D3532E67D95}.Debug|Any CPU.ActiveCfg = Debug|Any CPU
		{7BB514C6-E9F3-47B6-91A2-4D3532E67D95}.Release|Any CPU.ActiveCfg = Release|Any CPU
		{BF5D172F-CF93-4F5A-95C4-6D78BB2740F9}.Debug|Any CPU.ActiveCfg = Debug|Any CPU
		{BF5D172F-CF93-4F5A-95C4-6D78BB2740F9}.Debug|Any CPU.Build.0 = Debug|Any CPU
		{BF5D172F-CF93-4F5A-95C4-6D78BB2740F9}.Release|Any CPU.ActiveCfg = Release|Any CPU
		{BF5D172F-CF93-4F5A-95C4-6D78BB2740F9}.Release|Any CPU.Build.0 = Release|Any CPU
	EndGlobalSection
	GlobalSection(SolutionProperties) = preSolution
		HideSolutionNode = FALSE
	EndGlobalSection
EndGlobal
